<?xml version="1.0" encoding="utf-8"?>
<Project ToolsVersion="4.0" xmlns="http://schemas.microsoft.com/developer/msbuild/2003">
  <ItemGroup>
    <Filter Include="Source Files">
      <UniqueIdentifier>{4FC737F1-C7A5-4376-A066-2A32D752A2FF}</UniqueIdentifier>
      <Extensions>cpp;c;cc;cxx;def;odl;idl;hpj;bat;asm;asmx</Extensions>
    </Filter>
    <Filter Include="Header Files">
      <UniqueIdentifier>{93995380-89BD-4b04-88EB-625FBE52EBFB}</UniqueIdentifier>
      <Extensions>h;hpp;hxx;hm;inl;inc;xsd</Extensions>
    </Filter>
    <Filter Include="Resource Files">
      <UniqueIdentifier>{67DA6AB6-F800-4c08-8B7A-83BB121AAD01}</UniqueIdentifier>
      <Extensions>rc;ico;cur;bmp;dlg;rc2;rct;bin;rgs;gif;jpg;jpeg;jpe;resx;tiff;tif;png;wav;mfcribbon-ms</Extensions>
    </Filter>
    <Filter Include="jsonparser">
      <UniqueIdentifier>{c1c9a93a-eb55-4c08-8f4b-d57178a8043e}</UniqueIdentifier>
    </Filter>
    <Filter Include="jsonparser\json">
      <UniqueIdentifier>{099709df-bc8a-4188-b228-86ba7070fdca}</UniqueIdentifier>
    </Filter>
    <Filter Include="listctrlex">
      <UniqueIdentifier>{69f7148d-4b4c-4973-b545-635f35755e30}</UniqueIdentifier>
    </Filter>
    <Filter Include="UIControl">
      <UniqueIdentifier>{c216abc6-7642-426e-9f59-981e129fa8f1}</UniqueIdentifier>
    </Filter>
    <Filter Include="zxing">
      <UniqueIdentifier>{da55bca7-2c7c-4458-80f5-0fe9081c68c2}</UniqueIdentifier>
    </Filter>
    <Filter Include="SSTesting">
      <UniqueIdentifier>{47c8e1f0-6618-46f1-8cf3-aee53ab7d132}</UniqueIdentifier>
    </Filter>
    <Filter Include="LibQREncode">
      <UniqueIdentifier>{d78b9707-77c8-4404-87e6-4a05ecc504a6}</UniqueIdentifier>
    </Filter>
    <Filter Include="shadowsocks">
      <UniqueIdentifier>{75e6d9da-6b87-4319-bfb9-05ca5ef304e9}</UniqueIdentifier>
    </Filter>
    <Filter Include="common">
      <UniqueIdentifier>{ca1a2705-21ac-4a57-a2b7-a9985cc9e6be}</UniqueIdentifier>
    </Filter>
  </ItemGroup>
  <ItemGroup>
    <None Include="ReadMe.txt" />
    <None Include="res\SSCap.rc2">
      <Filter>Resource Files</Filter>
    </None>
    <None Include="res\SSCap.ico">
      <Filter>Resource Files</Filter>
    </None>
    <None Include="..\common\json\json_internalmap.inl">
      <Filter>jsonparser\json</Filter>
    </None>
    <None Include="..\common\json\json_valueiterator.inl">
      <Filter>jsonparser\json</Filter>
    </None>
    <None Include="..\common\json\json_internalarray.inl">
      <Filter>jsonparser\json</Filter>
    </None>
    <None Include="res\icon_pro.ico">
      <Filter>Resource Files</Filter>
    </None>
    <None Include="res\TRFFC09.ICO">
      <Filter>Resource Files</Filter>
    </None>
    <None Include="res\new.ico">
      <Filter>Resource Files</Filter>
    </None>
    <None Include="res\new_hover.ico">
      <Filter>Resource Files</Filter>
    </None>
    <None Include="res\qrcode.ico">
      <Filter>Resource Files</Filter>
    </None>
    <None Include="res\qrcode_hover.ico">
      <Filter>Resource Files</Filter>
    </None>
    <None Include="res\active.ico">
      <Filter>Resource Files</Filter>
    </None>
    <None Include="res\active_hover.ico">
      <Filter>Resource Files</Filter>
    </None>
    <None Include="res\batch.ico">
      <Filter>Resource Files</Filter>
    </None>
    <None Include="res\batch_hover.ico">
      <Filter>Resource Files</Filter>
    </None>
    <None Include="res\del.ico">
      <Filter>Resource Files</Filter>
    </None>
    <None Include="res\del_hover.ico">
      <Filter>Resource Files</Filter>
    </None>
    <None Include="res\edit.ico">
      <Filter>Resource Files</Filter>
    </None>
    <None Include="res\edit_hover.ico">
      <Filter>Resource Files</Filter>
    </None>
    <None Include="res\link.ico">
      <Filter>Resource Files</Filter>
    </None>
    <None Include="res\link_hover.ico">
      <Filter>Resource Files</Filter>
    </None>
    <None Include="res\exit.ico">
      <Filter>Resource Files</Filter>
    </None>
    <None Include="res\exit_hover.ico">
      <Filter>Resource Files</Filter>
    </None>
    <None Include="res\about1.ico">
      <Filter>Resource Files</Filter>
    </None>
    <None Include="res\about1_hover.ico">
      <Filter>Resource Files</Filter>
    </None>
    <None Include="res\onlinehelp.ico">
      <Filter>Resource Files</Filter>
    </None>
    <None Include="res\onlinehelp_hover.ico">
      <Filter>Resource Files</Filter>
    </None>
    <None Include="res\setting.ico">
      <Filter>Resource Files</Filter>
    </None>
    <None Include="res\setting_hover.ico">
      <Filter>Resource Files</Filter>
    </None>
    <None Include="res\check.ico">
      <Filter>Resource Files</Filter>
    </None>
    <None Include="res\check_hover.ico">
      <Filter>Resource Files</Filter>
    </None>
    <None Include="res\check.png">
      <Filter>Resource Files</Filter>
    </None>
    <None Include="res\check_hover.png">
      <Filter>Resource Files</Filter>
    </None>
    <None Include="res\check.bmp">
      <Filter>Resource Files</Filter>
    </None>
    <None Include="res\check_hover.bmp">
      <Filter>Resource Files</Filter>
    </None>
    <None Include="res\arrow_m.cur">
      <Filter>Resource Files</Filter>
    </None>
    <None Include="res\move_r.cur">
      <Filter>Resource Files</Filter>
    </None>
    <None Include="res\size1_r.cur">
      <Filter>Resource Files</Filter>
    </None>
    <None Include="res\size2_r.cur">
      <Filter>Resource Files</Filter>
    </None>
    <None Include="res\size3_r.cur">
      <Filter>Resource Files</Filter>
    </None>
    <None Include="res\size4_r.cur">
      <Filter>Resource Files</Filter>
    </None>
    <None Include="res\refresh.ico">
      <Filter>Resource Files</Filter>
    </None>
    <None Include="res\refresh_hover.ico">
      <Filter>Resource Files</Filter>
    </None>
    <None Include="res\back.bmp">
      <Filter>Resource Files</Filter>
    </None>
    <None Include="res\load3.gif">
      <Filter>Resource Files</Filter>
    </None>
  </ItemGroup>
  <ItemGroup>
    <ClInclude Include="SSCap.h">
      <Filter>Header Files</Filter>
    </ClInclude>
    <ClInclude Include="SSCapDlg.h">
      <Filter>Header Files</Filter>
    </ClInclude>
    <ClInclude Include="stdafx.h">
      <Filter>Header Files</Filter>
    </ClInclude>
    <ClInclude Include="targetver.h">
      <Filter>Header Files</Filter>
    </ClInclude>
    <ClInclude Include="Resource.h">
      <Filter>Header Files</Filter>
    </ClInclude>
    <ClInclude Include="..\Socks\SocksClient.h">
      <Filter>shadowsocks</Filter>
    </ClInclude>
    <ClInclude Include="..\Socks\stdheader.h">
      <Filter>shadowsocks</Filter>
    </ClInclude>
    <ClInclude Include="..\Socks\SSClient.h">
      <Filter>shadowsocks</Filter>
    </ClInclude>
    <ClInclude Include="..\Socks\SocketBase.h">
      <Filter>shadowsocks</Filter>
    </ClInclude>
    <ClInclude Include="..\Socks\BaseDef.h">
      <Filter>shadowsocks</Filter>
    </ClInclude>
    <ClInclude Include="..\Socks\SSManager.h">
      <Filter>shadowsocks</Filter>
    </ClInclude>
    <ClInclude Include="..\Socks\Listener.h">
      <Filter>shadowsocks</Filter>
    </ClInclude>
    <ClInclude Include="..\Socks\Encypter.h">
      <Filter>shadowsocks</Filter>
    </ClInclude>
    <ClInclude Include="..\Socks\EncyptionMgr.h">
      <Filter>shadowsocks</Filter>
    </ClInclude>
    <ClInclude Include="NewSSNodeDlg.h">
      <Filter>Header Files</Filter>
    </ClInclude>
    <ClInclude Include="SystemConfigureDlg.h">
      <Filter>Header Files</Filter>
    </ClInclude>
    <ClInclude Include="..\common\JsonParser.h">
      <Filter>jsonparser</Filter>
    </ClInclude>
    <ClInclude Include="..\common\json\reader.h">
      <Filter>jsonparser\json</Filter>
    </ClInclude>
    <ClInclude Include="..\common\json\value.h">
      <Filter>jsonparser\json</Filter>
    </ClInclude>
    <ClInclude Include="..\common\json\writer.h">
      <Filter>jsonparser\json</Filter>
    </ClInclude>
    <ClInclude Include="..\common\json\autolink.h">
      <Filter>jsonparser\json</Filter>
    </ClInclude>
    <ClInclude Include="..\common\json\config.h">
      <Filter>jsonparser\json</Filter>
    </ClInclude>
    <ClInclude Include="..\common\json\features.h">
      <Filter>jsonparser\json</Filter>
    </ClInclude>
    <ClInclude Include="..\common\json\forwards.h">
      <Filter>jsonparser\json</Filter>
    </ClInclude>
    <ClInclude Include="..\common\json\json.h">
      <Filter>jsonparser\json</Filter>
    </ClInclude>
    <ClInclude Include="..\common\json\json_batchallocator.h">
      <Filter>jsonparser\json</Filter>
    </ClInclude>
    <ClInclude Include="RunConfig.h">
      <Filter>Header Files</Filter>
    </ClInclude>
    <ClInclude Include="ToolTipEx.h">
      <Filter>Header Files</Filter>
    </ClInclude>
    <ClInclude Include="ListCtrlEx\CGridColumnTraitEdit.h">
      <Filter>listctrlex</Filter>
    </ClInclude>
    <ClInclude Include="ListCtrlEx\CGridColumnTraitHyperLink.h">
      <Filter>listctrlex</Filter>
    </ClInclude>
    <ClInclude Include="ListCtrlEx\CGridColumnTraitImage.h">
      <Filter>listctrlex</Filter>
    </ClInclude>
    <ClInclude Include="ListCtrlEx\CGridColumnTraitMultilineEdit.h">
      <Filter>listctrlex</Filter>
    </ClInclude>
    <ClInclude Include="ListCtrlEx\CGridColumnTraitText.h">
      <Filter>listctrlex</Filter>
    </ClInclude>
    <ClInclude Include="ListCtrlEx\CGridColumnTraitVisitor.h">
      <Filter>listctrlex</Filter>
    </ClInclude>
    <ClInclude Include="ListCtrlEx\CGridListCtrlEx.h">
      <Filter>listctrlex</Filter>
    </ClInclude>
    <ClInclude Include="ListCtrlEx\CGridListCtrlGroups.h">
      <Filter>listctrlex</Filter>
    </ClInclude>
    <ClInclude Include="ListCtrlEx\CGridRowTrait.h">
      <Filter>listctrlex</Filter>
    </ClInclude>
    <ClInclude Include="ListCtrlEx\CGridRowTraitText.h">
      <Filter>listctrlex</Filter>
    </ClInclude>
    <ClInclude Include="ListCtrlEx\CGridRowTraitVisitor.h">
      <Filter>listctrlex</Filter>
    </ClInclude>
    <ClInclude Include="ListCtrlEx\CGridRowTraitXP.h">
      <Filter>listctrlex</Filter>
    </ClInclude>
    <ClInclude Include="ListCtrlEx\ViewConfigSection.h">
      <Filter>listctrlex</Filter>
    </ClInclude>
    <ClInclude Include="ListCtrlEx\CGridColumnTrait.h">
      <Filter>listctrlex</Filter>
    </ClInclude>
    <ClInclude Include="ListCtrlEx\CGridColumnTraitCombo.h">
      <Filter>listctrlex</Filter>
    </ClInclude>
    <ClInclude Include="ListCtrlEx\CGridColumnTraitDateTime.h">
      <Filter>listctrlex</Filter>
    </ClInclude>
    <ClInclude Include="Label.h">
      <Filter>UIControl</Filter>
    </ClInclude>
    <ClInclude Include="BtnST.h">
      <Filter>UIControl</Filter>
    </ClInclude>
    <ClInclude Include="AboutDlg.h">
      <Filter>Header Files</Filter>
    </ClInclude>
    <ClInclude Include="IeControl.h">
      <Filter>UIControl</Filter>
    </ClInclude>
    <ClInclude Include="HyperLink.h">
      <Filter>UIControl</Filter>
    </ClInclude>
    <ClInclude Include="TrayIcon.h">
      <Filter>UIControl</Filter>
    </ClInclude>
    <ClInclude Include="msgdef.h">
      <Filter>Header Files</Filter>
    </ClInclude>
    <ClInclude Include="BCMenu.h">
      <Filter>UIControl</Filter>
    </ClInclude>
    <ClInclude Include="popmenu.h">
      <Filter>UIControl</Filter>
    </ClInclude>
    <ClInclude Include="..\Socks\SSLoader.h">
      <Filter>shadowsocks</Filter>
    </ClInclude>
    <ClInclude Include="UIListCtrl.h">
      <Filter>UIControl</Filter>
    </ClInclude>
    <ClInclude Include="SreenCaptureDlg.h">
      <Filter>Header Files</Filter>
    </ClInclude>
    <ClInclude Include="MyTracker.h">
      <Filter>UIControl</Filter>
    </ClInclude>
    <ClInclude Include="AddSSFromLink.h">
      <Filter>Header Files</Filter>
    </ClInclude>
    <ClInclude Include="AddSSFromJsonDlg.h">
      <Filter>Header Files</Filter>
    </ClInclude>
    <ClInclude Include="EditEx.h">
      <Filter>Header Files</Filter>
    </ClInclude>
    <ClInclude Include="SysProxy.h">
      <Filter>Header Files</Filter>
    </ClInclude>
    <ClInclude Include="..\Socks\SSNodeSelector.h">
      <Filter>shadowsocks</Filter>
    </ClInclude>
    <ClInclude Include="SSListCtrl.h">
      <Filter>Header Files</Filter>
    </ClInclude>
    <ClInclude Include="..\Socks\privoxy.h">
      <Filter>shadowsocks</Filter>
    </ClInclude>
    <ClInclude Include="version.h">
      <Filter>Header Files</Filter>
    </ClInclude>
    <ClInclude Include="GenericHTTPClient.h">
      <Filter>Header Files</Filter>
    </ClInclude>
    <ClInclude Include="LibQREncode\mask.h">
      <Filter>LibQREncode</Filter>
    </ClInclude>
    <ClInclude Include="LibQREncode\mmask.h">
      <Filter>LibQREncode</Filter>
    </ClInclude>
    <ClInclude Include="LibQREncode\mqrspec.h">
      <Filter>LibQREncode</Filter>
    </ClInclude>
    <ClInclude Include="LibQREncode\qrencode.h">
      <Filter>LibQREncode</Filter>
    </ClInclude>
    <ClInclude Include="LibQREncode\qrinput.h">
      <Filter>LibQREncode</Filter>
    </ClInclude>
    <ClInclude Include="LibQREncode\qrspec.h">
      <Filter>LibQREncode</Filter>
    </ClInclude>
    <ClInclude Include="LibQREncode\rscode.h">
      <Filter>LibQREncode</Filter>
    </ClInclude>
    <ClInclude Include="LibQREncode\split.h">
      <Filter>LibQREncode</Filter>
    </ClInclude>
    <ClInclude Include="LibQREncode\bitstream.h">
      <Filter>LibQREncode</Filter>
    </ClInclude>
    <ClInclude Include="dibtoddb.h">
      <Filter>Header Files</Filter>
    </ClInclude>
    <ClInclude Include="SingleInstance.h">
      <Filter>Header Files</Filter>
    </ClInclude>
    <ClInclude Include="MyEdit.h">
      <Filter>Header Files</Filter>
    </ClInclude>
    <ClInclude Include="..\Socks\pac.h">
      <Filter>shadowsocks</Filter>
    </ClInclude>
    <ClInclude Include="PacEditorDialog.h">
      <Filter>Header Files</Filter>
    </ClInclude>
    <ClInclude Include="ShowQRCodeDialog.h">
      <Filter>Header Files</Filter>
    </ClInclude>
    <ClInclude Include="DownloadSelectorDialog.h">
      <Filter>Header Files</Filter>
    </ClInclude>
    <ClInclude Include="TestingLogRichedit.h">
      <Filter>SSTesting</Filter>
    </ClInclude>
    <ClInclude Include="AutoRichEditCtrl.h">
      <Filter>SSTesting</Filter>
    </ClInclude>
    <ClInclude Include="CSSClientTesting.h">
      <Filter>SSTesting</Filter>
    </ClInclude>
    <ClInclude Include="TestingCurrentNodeDlg.h">
      <Filter>SSTesting</Filter>
    </ClInclude>
    <ClInclude Include="zxing\lodepng.h">
      <Filter>zxing</Filter>
    </ClInclude>
    <ClInclude Include="zxing\QRParser.h">
      <Filter>zxing</Filter>
    </ClInclude>
    <ClInclude Include="zxing\BitmapEx.h">
      <Filter>zxing</Filter>
    </ClInclude>
    <ClInclude Include="zxing\ImageReaderSource.h">
      <Filter>zxing</Filter>
    </ClInclude>
    <ClInclude Include="zxing\jpgd.h">
      <Filter>zxing</Filter>
    </ClInclude>
    <ClInclude Include="PictureEx.h">
      <Filter>Header Files</Filter>
    </ClInclude>
    <ClInclude Include="SysWideProxy.h">
      <Filter>Header Files</Filter>
    </ClInclude>
    <ClInclude Include="..\Socks\SpeedAnalytics.h">
      <Filter>shadowsocks</Filter>
    </ClInclude>
    <ClInclude Include="..\Socks\proxynscache.h">
      <Filter>shadowsocks</Filter>
    </ClInclude>
    <ClInclude Include="..\common\json\version.h">
      <Filter>jsonparser\json</Filter>
    </ClInclude>
    <ClInclude Include="..\common\json\allocator.h">
      <Filter>jsonparser\json</Filter>
    </ClInclude>
    <ClInclude Include="..\common\json\assertions.h">
      <Filter>jsonparser\json</Filter>
    </ClInclude>
    <ClInclude Include="..\common\json\json_tool.h">
      <Filter>jsonparser\json</Filter>
    </ClInclude>
    <ClInclude Include="QQWry.h">
      <Filter>Header Files</Filter>
    </ClInclude>
    <ClInclude Include="APPConfig.h">
      <Filter>Header Files</Filter>
    </ClInclude>
    <ClInclude Include="..\common\Debug.h">
      <Filter>common</Filter>
    </ClInclude>
    <ClInclude Include="..\common\dns.h">
      <Filter>common</Filter>
    </ClInclude>
    <ClInclude Include="..\common\Ini.h">
      <Filter>common</Filter>
    </ClInclude>
    <ClInclude Include="..\common\mymutex.h">
      <Filter>common</Filter>
    </ClInclude>
    <ClInclude Include="..\common\ProxyDns.h">
      <Filter>common</Filter>
    </ClInclude>
    <ClInclude Include="..\common\ProxySocketClient.h">
      <Filter>common</Filter>
    </ClInclude>
    <ClInclude Include="..\common\Registry.h">
      <Filter>common</Filter>
    </ClInclude>
    <ClInclude Include="..\common\SocketClient.h">
      <Filter>common</Filter>
    </ClInclude>
    <ClInclude Include="..\common\SocketEx.h">
      <Filter>common</Filter>
    </ClInclude>
    <ClInclude Include="..\common\SocketWrapper.h">
      <Filter>common</Filter>
    </ClInclude>
    <ClInclude Include="..\common\SSDnsClient.h">
      <Filter>common</Filter>
    </ClInclude>
    <ClInclude Include="..\common\SSProxySocketClient.h">
      <Filter>common</Filter>
    </ClInclude>
    <ClInclude Include="..\common\tarobase64.h">
      <Filter>common</Filter>
    </ClInclude>
    <ClInclude Include="..\common\UdpTest.h">
      <Filter>common</Filter>
    </ClInclude>
    <ClInclude Include="..\common\Utils.h">
      <Filter>common</Filter>
    </ClInclude>
  </ItemGroup>
  <ItemGroup>
    <ClCompile Include="SSCap.cpp">
      <Filter>Source Files</Filter>
    </ClCompile>
    <ClCompile Include="SSCapDlg.cpp">
      <Filter>Source Files</Filter>
    </ClCompile>
    <ClCompile Include="stdafx.cpp">
      <Filter>Source Files</Filter>
    </ClCompile>
    <ClCompile Include="..\Socks\SocksClient.cpp">
      <Filter>shadowsocks</Filter>
    </ClCompile>
    <ClCompile Include="..\Socks\SSClient.cpp">
      <Filter>shadowsocks</Filter>
    </ClCompile>
    <ClCompile Include="..\Socks\SocketBase.cpp">
      <Filter>shadowsocks</Filter>
    </ClCompile>
    <ClCompile Include="..\Socks\SSManager.cpp">
      <Filter>shadowsocks</Filter>
    </ClCompile>
    <ClCompile Include="..\Socks\Listener.cpp">
      <Filter>shadowsocks</Filter>
    </ClCompile>
    <ClCompile Include="..\Socks\BaseDef.cpp">
      <Filter>shadowsocks</Filter>
    </ClCompile>
    <ClCompile Include="..\Socks\Encypter.cpp">
      <Filter>shadowsocks</Filter>
    </ClCompile>
    <ClCompile Include="..\Socks\EncyptionMgr.cpp">
      <Filter>shadowsocks</Filter>
    </ClCompile>
    <ClCompile Include="NewSSNodeDlg.cpp">
      <Filter>Source Files</Filter>
    </ClCompile>
    <ClCompile Include="SystemConfigureDlg.cpp">
      <Filter>Source Files</Filter>
    </ClCompile>
    <ClCompile Include="..\common\json\json_reader.cpp">
      <Filter>jsonparser\json</Filter>
    </ClCompile>
    <ClCompile Include="..\common\json\json_value.cpp">
      <Filter>jsonparser\json</Filter>
    </ClCompile>
    <ClCompile Include="..\common\json\json_writer.cpp">
      <Filter>jsonparser\json</Filter>
    </ClCompile>
    <ClCompile Include="RunConfig.cpp">
      <Filter>Source Files</Filter>
    </ClCompile>
    <ClCompile Include="ToolTipEx.cpp">
      <Filter>Source Files</Filter>
    </ClCompile>
    <ClCompile Include="ListCtrlEx\CGridColumnTraitHyperLink.cpp">
      <Filter>listctrlex</Filter>
    </ClCompile>
    <ClCompile Include="ListCtrlEx\CGridColumnTraitImage.cpp">
      <Filter>listctrlex</Filter>
    </ClCompile>
    <ClCompile Include="ListCtrlEx\CGridColumnTraitMultilineEdit.cpp">
      <Filter>listctrlex</Filter>
    </ClCompile>
    <ClCompile Include="ListCtrlEx\CGridColumnTraitText.cpp">
      <Filter>listctrlex</Filter>
    </ClCompile>
    <ClCompile Include="ListCtrlEx\CGridListCtrlEx.cpp">
      <Filter>listctrlex</Filter>
    </ClCompile>
    <ClCompile Include="ListCtrlEx\CGridListCtrlGroups.cpp">
      <Filter>listctrlex</Filter>
    </ClCompile>
    <ClCompile Include="ListCtrlEx\CGridRowTraitText.cpp">
      <Filter>listctrlex</Filter>
    </ClCompile>
    <ClCompile Include="ListCtrlEx\CGridRowTraitXP.cpp">
      <Filter>listctrlex</Filter>
    </ClCompile>
    <ClCompile Include="ListCtrlEx\ViewConfigSection.cpp">
      <Filter>listctrlex</Filter>
    </ClCompile>
    <ClCompile Include="ListCtrlEx\CGridColumnTraitCombo.cpp">
      <Filter>listctrlex</Filter>
    </ClCompile>
    <ClCompile Include="ListCtrlEx\CGridColumnTraitDateTime.cpp">
      <Filter>listctrlex</Filter>
    </ClCompile>
    <ClCompile Include="ListCtrlEx\CGridColumnTraitEdit.cpp">
      <Filter>listctrlex</Filter>
    </ClCompile>
    <ClCompile Include="Label.cpp">
      <Filter>UIControl</Filter>
    </ClCompile>
    <ClCompile Include="BtnST.cpp">
      <Filter>UIControl</Filter>
    </ClCompile>
    <ClCompile Include="AboutDlg.cpp">
      <Filter>Source Files</Filter>
    </ClCompile>
    <ClCompile Include="IeControl.cpp">
      <Filter>UIControl</Filter>
    </ClCompile>
    <ClCompile Include="HyperLink.cpp">
      <Filter>UIControl</Filter>
    </ClCompile>
    <ClCompile Include="TrayIcon.CPP">
      <Filter>UIControl</Filter>
    </ClCompile>
    <ClCompile Include="BCMenu.cpp">
      <Filter>UIControl</Filter>
    </ClCompile>
    <ClCompile Include="popmenu.cpp">
      <Filter>UIControl</Filter>
    </ClCompile>
    <ClCompile Include="..\Socks\SSLoader.cpp">
      <Filter>shadowsocks</Filter>
    </ClCompile>
    <ClCompile Include="UIListCtrl.cpp">
      <Filter>UIControl</Filter>
    </ClCompile>
    <ClCompile Include="SreenCaptureDlg.cpp">
      <Filter>Source Files</Filter>
    </ClCompile>
    <ClCompile Include="MyTracker.cpp">
      <Filter>UIControl</Filter>
    </ClCompile>
    <ClCompile Include="AddSSFromLink.cpp">
      <Filter>Source Files</Filter>
    </ClCompile>
    <ClCompile Include="AddSSFromJsonDlg.cpp">
      <Filter>Source Files</Filter>
    </ClCompile>
    <ClCompile Include="EditEx.cpp">
      <Filter>Source Files</Filter>
    </ClCompile>
    <ClCompile Include="SysProxy.cpp">
      <Filter>Source Files</Filter>
    </ClCompile>
    <ClCompile Include="..\Socks\SSNodeSelector.cpp">
      <Filter>shadowsocks</Filter>
    </ClCompile>
    <ClCompile Include="SSListCtrl.cpp">
      <Filter>Source Files</Filter>
    </ClCompile>
    <ClCompile Include="..\Socks\privoxy.cpp">
      <Filter>shadowsocks</Filter>
    </ClCompile>
    <ClCompile Include="version.cpp">
      <Filter>Source Files</Filter>
    </ClCompile>
    <ClCompile Include="GenericHTTPClient.cpp">
      <Filter>Source Files</Filter>
    </ClCompile>
    <ClCompile Include="LibQREncode\mmask.c">
      <Filter>LibQREncode</Filter>
    </ClCompile>
    <ClCompile Include="LibQREncode\mqrspec.c">
      <Filter>LibQREncode</Filter>
    </ClCompile>
    <ClCompile Include="LibQREncode\qrencode.c">
      <Filter>LibQREncode</Filter>
    </ClCompile>
    <ClCompile Include="LibQREncode\qrinput.c">
      <Filter>LibQREncode</Filter>
    </ClCompile>
    <ClCompile Include="LibQREncode\qrspec.c">
      <Filter>LibQREncode</Filter>
    </ClCompile>
    <ClCompile Include="LibQREncode\rscode.c">
      <Filter>LibQREncode</Filter>
    </ClCompile>
    <ClCompile Include="LibQREncode\split.c">
      <Filter>LibQREncode</Filter>
    </ClCompile>
    <ClCompile Include="LibQREncode\bitstream.c">
      <Filter>LibQREncode</Filter>
    </ClCompile>
    <ClCompile Include="LibQREncode\mask.c">
      <Filter>LibQREncode</Filter>
    </ClCompile>
    <ClCompile Include="dibtoddb.cpp">
      <Filter>Source Files</Filter>
    </ClCompile>
    <ClCompile Include="MyEdit.cpp">
      <Filter>Source Files</Filter>
    </ClCompile>
    <ClCompile Include="..\Socks\pac.cpp">
      <Filter>shadowsocks</Filter>
    </ClCompile>
    <ClCompile Include="PacEditorDialog.cpp">
      <Filter>Source Files</Filter>
    </ClCompile>
    <ClCompile Include="ShowQRCodeDialog.cpp">
      <Filter>Source Files</Filter>
    </ClCompile>
    <ClCompile Include="DownloadSelectorDialog.cpp">
      <Filter>Source Files</Filter>
    </ClCompile>
    <ClCompile Include="AutoRichEditCtrl.cpp">
      <Filter>SSTesting</Filter>
    </ClCompile>
    <ClCompile Include="CSSClientTesting.cpp">
      <Filter>SSTesting</Filter>
    </ClCompile>
    <ClCompile Include="TestingCurrentNodeDlg.cpp">
      <Filter>SSTesting</Filter>
    </ClCompile>
    <ClCompile Include="TestingLogRichedit.cpp">
      <Filter>SSTesting</Filter>
    </ClCompile>
    <ClCompile Include="zxing\lodepng.cpp">
      <Filter>zxing</Filter>
    </ClCompile>
    <ClCompile Include="zxing\QRParser.cpp">
      <Filter>zxing</Filter>
    </ClCompile>
    <ClCompile Include="zxing\BitmapEx.cpp">
      <Filter>zxing</Filter>
    </ClCompile>
    <ClCompile Include="zxing\ImageReaderSource.cpp">
      <Filter>zxing</Filter>
    </ClCompile>
    <ClCompile Include="zxing\jpgd.cpp">
      <Filter>zxing</Filter>
    </ClCompile>
    <ClCompile Include="PictureEx.cpp">
      <Filter>Source Files</Filter>
    </ClCompile>
    <ClCompile Include="SysWideProxy.cpp">
      <Filter>Source Files</Filter>
    </ClCompile>
    <ClCompile Include="..\Socks\SpeedAnalytics.cpp">
      <Filter>shadowsocks</Filter>
    </ClCompile>
    <ClCompile Include="..\Socks\proxynscache.cpp">
      <Filter>shadowsocks</Filter>
    </ClCompile>
    <ClCompile Include="QQWry.cpp">
      <Filter>Source Files</Filter>
    </ClCompile>
    <ClCompile Include="APPConfig.cpp">
      <Filter>Source Files</Filter>
    </ClCompile>
    <ClCompile Include="..\common\Utils.cpp">
      <Filter>common</Filter>
    </ClCompile>
    <ClCompile Include="..\common\tarobase64.cpp">
      <Filter>common</Filter>
    </ClCompile>
  </ItemGroup>
  <ItemGroup>
    <ResourceCompile Include="SSCap.rc">
      <Filter>Resource Files</Filter>
    </ResourceCompile>
  </ItemGroup>
</Project>